
Microsoft Visual Studio Solution File, Format Version 12.00
# Visual Studio Version 17
VisualStudioVersion = 17.0.31423.177
MinimumVisualStudioVersion = 10.0.40219.1
Project("{9A19103F-16F7-4668-BE54-9A1E7A4F7556}") = "WhaleSpotting", "WhaleSpotting\WhaleSpotting.csproj", "{8219B85D-8DFD-44BB-9ED9-0A504C63AB39}"
EndProject
Project("{9A19103F-16F7-4668-BE54-9A1E7A4F7556}") = "WhaleSpotting.UnitTests", "WhaleSpotting.UnitTests\WhaleSpotting.UnitTests.csproj", "{5A678283-52ED-4B06-BFDE-884AAB514AF6}"
EndProject
Project("{2150E333-8FDC-42A3-9474-1A3956D46DE8}") = "Solution Items", "Solution Items", "{12615509-BEBC-487B-98D1-7B633576DC0D}"
	ProjectSection(SolutionItems) = preProject
		.editorconfig = .editorconfig
	EndProjectSection
EndProject
Global
	GlobalSection(SolutionConfigurationPlatforms) = preSolution
		Debug|Any CPU = Debug|Any CPU
		Release|Any CPU = Release|Any CPU
	EndGlobalSection
	GlobalSection(ProjectConfigurationPlatforms) = postSolution
		{8219B85D-8DFD-44BB-9ED9-0A504C63AB39}.Debug|Any CPU.ActiveCfg = Debug|Any CPU
		{8219B85D-8DFD-44BB-9ED9-0A504C63AB39}.Debug|Any CPU.Build.0 = Debug|Any CPU
		{8219B85D-8DFD-44BB-9ED9-0A504C63AB39}.Release|Any CPU.ActiveCfg = Release|Any CPU
		{8219B85D-8DFD-44BB-9ED9-0A504C63AB39}.Release|Any CPU.Build.0 = Release|Any CPU
		{5A678283-52ED-4B06-BFDE-884AAB514AF6}.Debug|Any CPU.ActiveCfg = Debug|Any CPU
		{5A678283-52ED-4B06-BFDE-884AAB514AF6}.Debug|Any CPU.Build.0 = Debug|Any CPU
		{5A678283-52ED-4B06-BFDE-884AAB514AF6}.Release|Any CPU.ActiveCfg = Release|Any CPU
		{5A678283-52ED-4B06-BFDE-884AAB514AF6}.Release|Any CPU.Build.0 = Release|Any CPU
	EndGlobalSection
	GlobalSection(SolutionProperties) = preSolution
		HideSolutionNode = FALSE
	EndGlobalSection
	GlobalSection(ExtensibilityGlobals) = postSolution
		SolutionGuid = {34C5E481-DE21-44E5-8309-A1037036E1C0}
	EndGlobalSection
EndGlobal
