
Microsoft Visual Studio Solution File, Format Version 12.00
Project("{FAE04EC0-301F-11D3-BF4B-00C04F79EFBC}") = "WhaleSpotting", "WhaleSpotting\WhaleSpotting.csproj", "{8219B85D-8DFD-44BB-9ED9-0A504C63AB39}"
EndProject
Project("{FAE04EC0-301F-11D3-BF4B-00C04F79EFBC}") = "WhaleSpotting.UnitTests", "WhaleSpotting.UnitTests\WhaleSpotting.UnitTests.csproj", "{5A678283-52ED-4B06-BFDE-884AAB514AF6}"
EndProject
Global
	GlobalSection(SolutionConfigurationPlatforms) = preSolution
		Debug|Any CPU = Debug|Any CPU
		Release|Any CPU = Release|Any CPU
	EndGlobalSection
	GlobalSection(ProjectConfigurationPlatforms) = postSolution
		{8219B85D-8DFD-44BB-9ED9-0A504C63AB39}.Debug|Any CPU.ActiveCfg = Debug|Any CPU
		{8219B85D-8DFD-44BB-9ED9-0A504C63AB39}.Debug|Any CPU.Build.0 = Debug|Any CPU
		{8219B85D-8DFD-44BB-9ED9-0A504C63AB39}.Release|Any CPU.ActiveCfg = Release|Any CPU
		{8219B85D-8DFD-44BB-9ED9-0A504C63AB39}.Release|Any CPU.Build.0 = Release|Any CPU
		{5A678283-52ED-4B06-BFDE-884AAB514AF6}.Debug|Any CPU.ActiveCfg = Debug|Any CPU
		{5A678283-52ED-4B06-BFDE-884AAB514AF6}.Debug|Any CPU.Build.0 = Debug|Any CPU
		{5A678283-52ED-4B06-BFDE-884AAB514AF6}.Release|Any CPU.ActiveCfg = Release|Any CPU
		{5A678283-52ED-4B06-BFDE-884AAB514AF6}.Release|Any CPU.Build.0 = Release|Any CPU
	EndGlobalSection
EndGlobal
